lockfileVersion: '9.0'

settings:
  autoInstallPeers: true
  excludeLinksFromLockfile: false

importers:

  .:
    dependencies:
      '@tanstack/react-query':
        specifier: ^5.104.1
        version: 5.104.1(react@19.3.0)

packages:

  '@tanstack/query-core@5.104.1':
    resolution: {integrity: sha512-TiRghcrGkUTE+M4JBxvpPSpBhxvIzQairw+cksrHYGr+2uwC77yW1SY9nYxnYRYOppvucf8rEg6b5byoz4rTpw==}

  '@tanstack/react-query@5.104.1':
    resolution: {integrity: sha512-Zz70EgjahNI7aCz8BZxM3vUGU44ycxEAzMuCUjLeA7SVhhOkg3ZgPjPJPvHjs6Rmky/dtmnu1WzjGHNHmhCoZQ==}
    peerDependencies:
      react: ^18 || ^19

  react@19.3.0:
    resolution: {integrity: sha512-E8LUcbtBWt20bbl2YoHfx4ZDBdxVTfOKtCZn9cDSJ4l6/nuoApcpIBcj47t2wZoVX8g2ZHuMHbiShgCR1T5Sog==}
    engines: {node: '>=0.10.0'}

snapshots:

  '@tanstack/query-core@5.104.1': {}

  '@tanstack/react-query@5.104.1(react@19.3.0)':
    dependencies:
      '@tanstack/query-core': 5.104.1
      react: 19.3.0

  react@19.3.0: {}
